
Microsoft Visual Studio Solution File, Format Version 12.00
# Visual Studio 15
VisualStudioVersion = 15.0.28307.960
MinimumVisualStudioVersion = 10.0.40219.1
Project("{00D1A9C2-B5F0-4AF3-8072-F6C62B433612}") = "MyHack.Database", "MyHack\MyHack.Database.sqlproj", "{2709E52C-6394-4BFC-9F33-B9E7A6AB360E}"
EndProject
Project("{9A19103F-16F7-4668-BE54-9A1E7A4F7556}") = "MyHack.WebApi", "MyHack.WebApi\MyHack.WebApi.csproj", "{CF97ED64-17BA-4560-AAD2-E1737E0A9896}"
EndProject
Project("{FAE04EC0-301F-11D3-BF4B-00C04F79EFBC}") = "MyHack.Mobile", "MyHack.Mobile\MyHack.Mobile\MyHack.Mobile.csproj", "{A3420D9F-ECA4-4D7A-8495-72D4D28FF274}"
EndProject
Project("{FAE04EC0-301F-11D3-BF4B-00C04F79EFBC}") = "MyHack.Mobile.Droid", "MyHack.Mobile\MyHack.Mobile.Droid\MyHack.Mobile.Droid.csproj", "{87E599CE-D717-4A74-B565-8A2E9E8F7316}"
EndProject
Project("{FAE04EC0-301F-11D3-BF4B-00C04F79EFBC}") = "MyHack.Mobile.iOS", "MyHack.Mobile\MyHack.Mobile.iOS\MyHack.Mobile.iOS.csproj", "{951285FD-1C38-4546-BDCC-778B13262663}"
EndProject
Project("{D954291E-2A0B-460D-934E-DC6B0785DB48}") = "MyHack.Data", "MyHack.Data\MyHack.Data.shproj", "{A447C58D-99AB-4779-BC91-09D2A97E2B75}"
EndProject
Project("{FAE04EC0-301F-11D3-BF4B-00C04F79EFBC}") = "MyHack.WebJob", "MyHack.WebJob\MyHack.WebJob.csproj", "{683F9265-64E6-44BE-B8FA-851EC8F8199E}"
EndProject
Project("{FAE04EC0-301F-11D3-BF4B-00C04F79EFBC}") = "MyHack.Console", "MyHack.Console\MyHack.Console.csproj", "{BDFA9449-A744-4274-A6D3-ED67652CE537}"
EndProject
Project("{FAE04EC0-301F-11D3-BF4B-00C04F79EFBC}") = "MyHack.Web", "MyHack.Web\MyHack.Web.csproj", "{600EC694-D96C-457E-8613-6DF222A9B000}"
EndProject
Global
	GlobalSection(SharedMSBuildProjectFiles) = preSolution
		MyHack.Data\MyHack.Data.projitems*{a447c58d-99ab-4779-bc91-09d2a97e2b75}*SharedItemsImports = 13
	EndGlobalSection
	GlobalSection(SolutionConfigurationPlatforms) = preSolution
		Ad-Hoc|Any CPU = Ad-Hoc|Any CPU
		Ad-Hoc|ARM = Ad-Hoc|ARM
		Ad-Hoc|iPhone = Ad-Hoc|iPhone
		Ad-Hoc|iPhoneSimulator = Ad-Hoc|iPhoneSimulator
		Ad-Hoc|x64 = Ad-Hoc|x64
		Ad-Hoc|x86 = Ad-Hoc|x86
		AppStore|Any CPU = AppStore|Any CPU
		AppStore|ARM = AppStore|ARM
		AppStore|iPhone = AppStore|iPhone
		AppStore|iPhoneSimulator = AppStore|iPhoneSimulator
		AppStore|x64 = AppStore|x64
		AppStore|x86 = AppStore|x86
		Debug|Any CPU = Debug|Any CPU
		Debug|ARM = Debug|ARM
		Debug|iPhone = Debug|iPhone
		Debug|iPhoneSimulator = Debug|iPhoneSimulator
		Debug|x64 = Debug|x64
		Debug|x86 = Debug|x86
		Release|Any CPU = Release|Any CPU
		Release|ARM = Release|ARM
		Release|iPhone = Release|iPhone
		Release|iPhoneSimulator = Release|iPhoneSimulator
		Release|x64 = Release|x64
		Release|x86 = Release|x86
	EndGlobalSection
	GlobalSection(ProjectConfigurationPlatforms) = postSolution
		{2709E52C-6394-4BFC-9F33-B9E7A6AB360E}.Ad-Hoc|Any CPU.ActiveCfg = Release|Any CPU
		{2709E52C-6394-4BFC-9F33-B9E7A6AB360E}.Ad-Hoc|Any CPU.Build.0 = Release|Any CPU
		{2709E52C-6394-4BFC-9F33-B9E7A6AB360E}.Ad-Hoc|Any CPU.Deploy.0 = Release|Any CPU
		{2709E52C-6394-4BFC-9F33-B9E7A6AB360E}.Ad-Hoc|ARM.ActiveCfg = Release|Any CPU
		{2709E52C-6394-4BFC-9F33-B9E7A6AB360E}.Ad-Hoc|ARM.Build.0 = Release|Any CPU
		{2709E52C-6394-4BFC-9F33-B9E7A6AB360E}.Ad-Hoc|ARM.Deploy.0 = Release|Any CPU
		{2709E52C-6394-4BFC-9F33-B9E7A6AB360E}.Ad-Hoc|iPhone.ActiveCfg = Release|Any CPU
		{2709E52C-6394-4BFC-9F33-B9E7A6AB360E}.Ad-Hoc|iPhone.Build.0 = Release|Any CPU
		{2709E52C-6394-4BFC-9F33-B9E7A6AB360E}.Ad-Hoc|iPhone.Deploy.0 = Release|Any CPU
		{2709E52C-6394-4BFC-9F33-B9E7A6AB360E}.Ad-Hoc|iPhoneSimulator.ActiveCfg = Release|Any CPU
		{2709E52C-6394-4BFC-9F33-B9E7A6AB360E}.Ad-Hoc|iPhoneSimulator.Build.0 = Release|Any CPU
		{2709E52C-6394-4BFC-9F33-B9E7A6AB360E}.Ad-Hoc|iPhoneSimulator.Deploy.0 = Release|Any CPU
		{2709E52C-6394-4BFC-9F33-B9E7A6AB360E}.Ad-Hoc|x64.ActiveCfg = Release|Any CPU
		{2709E52C-6394-4BFC-9F33-B9E7A6AB360E}.Ad-Hoc|x64.Build.0 = Release|Any CPU
		{2709E52C-6394-4BFC-9F33-B9E7A6AB360E}.Ad-Hoc|x64.Deploy.0 = Release|Any CPU
		{2709E52C-6394-4BFC-9F33-B9E7A6AB360E}.Ad-Hoc|x86.ActiveCfg = Release|Any CPU
		{2709E52C-6394-4BFC-9F33-B9E7A6AB360E}.Ad-Hoc|x86.Build.0 = Release|Any CPU
		{2709E52C-6394-4BFC-9F33-B9E7A6AB360E}.Ad-Hoc|x86.Deploy.0 = Release|Any CPU
		{2709E52C-6394-4BFC-9F33-B9E7A6AB360E}.AppStore|Any CPU.ActiveCfg = Release|Any CPU
		{2709E52C-6394-4BFC-9F33-B9E7A6AB360E}.AppStore|Any CPU.Build.0 = Release|Any CPU
		{2709E52C-6394-4BFC-9F33-B9E7A6AB360E}.AppStore|Any CPU.Deploy.0 = Release|Any CPU
		{2709E52C-6394-4BFC-9F33-B9E7A6AB360E}.AppStore|ARM.ActiveCfg = Release|Any CPU
		{2709E52C-6394-4BFC-9F33-B9E7A6AB360E}.AppStore|ARM.Build.0 = Release|Any CPU
		{2709E52C-6394-4BFC-9F33-B9E7A6AB360E}.AppStore|ARM.Deploy.0 = Release|Any CPU
		{2709E52C-6394-4BFC-9F33-B9E7A6AB360E}.AppStore|iPhone.ActiveCfg = Release|Any CPU
		{2709E52C-6394-4BFC-9F33-B9E7A6AB360E}.AppStore|iPhone.Build.0 = Release|Any CPU
		{2709E52C-6394-4BFC-9F33-B9E7A6AB360E}.AppStore|iPhone.Deploy.0 = Release|Any CPU
		{2709E52C-6394-4BFC-9F33-B9E7A6AB360E}.AppStore|iPhoneSimulator.ActiveCfg = Release|Any CPU
		{2709E52C-6394-4BFC-9F33-B9E7A6AB360E}.AppStore|iPhoneSimulator.Build.0 = Release|Any CPU
		{2709E52C-6394-4BFC-9F33-B9E7A6AB360E}.AppStore|iPhoneSimulator.Deploy.0 = Release|Any CPU
		{2709E52C-6394-4BFC-9F33-B9E7A6AB360E}.AppStore|x64.ActiveCfg = Release|Any CPU
		{2709E52C-6394-4BFC-9F33-B9E7A6AB360E}.AppStore|x64.Build.0 = Release|Any CPU
		{2709E52C-6394-4BFC-9F33-B9E7A6AB360E}.AppStore|x64.Deploy.0 = Release|Any CPU
		{2709E52C-6394-4BFC-9F33-B9E7A6AB360E}.AppStore|x86.ActiveCfg = Release|Any CPU
		{2709E52C-6394-4BFC-9F33-B9E7A6AB360E}.AppStore|x86.Build.0 = Release|Any CPU
		{2709E52C-6394-4BFC-9F33-B9E7A6AB360E}.AppStore|x86.Deploy.0 = Release|Any CPU
		{2709E52C-6394-4BFC-9F33-B9E7A6AB360E}.Debug|Any CPU.ActiveCfg = Debug|Any CPU
		{2709E52C-6394-4BFC-9F33-B9E7A6AB360E}.Debug|Any CPU.Build.0 = Debug|Any CPU
		{2709E52C-6394-4BFC-9F33-B9E7A6AB360E}.Debug|Any CPU.Deploy.0 = Debug|Any CPU
		{2709E52C-6394-4BFC-9F33-B9E7A6AB360E}.Debug|ARM.ActiveCfg = Debug|Any CPU
		{2709E52C-6394-4BFC-9F33-B9E7A6AB360E}.Debug|ARM.Build.0 = Debug|Any CPU
		{2709E52C-6394-4BFC-9F33-B9E7A6AB360E}.Debug|ARM.Deploy.0 = Debug|Any CPU
		{2709E52C-6394-4BFC-9F33-B9E7A6AB360E}.Debug|iPhone.ActiveCfg = Debug|Any CPU
		{2709E52C-6394-4BFC-9F33-B9E7A6AB360E}.Debug|iPhone.Build.0 = Debug|Any CPU
		{2709E52C-6394-4BFC-9F33-B9E7A6AB360E}.Debug|iPhone.Deploy.0 = Debug|Any CPU
		{2709E52C-6394-4BFC-9F33-B9E7A6AB360E}.Debug|iPhoneSimulator.ActiveCfg = Debug|Any CPU
		{2709E52C-6394-4BFC-9F33-B9E7A6AB360E}.Debug|iPhoneSimulator.Build.0 = Debug|Any CPU
		{2709E52C-6394-4BFC-9F33-B9E7A6AB360E}.Debug|iPhoneSimulator.Deploy.0 = Debug|Any CPU
		{2709E52C-6394-4BFC-9F33-B9E7A6AB360E}.Debug|x64.ActiveCfg = Debug|Any CPU
		{2709E52C-6394-4BFC-9F33-B9E7A6AB360E}.Debug|x64.Build.0 = Debug|Any CPU
		{2709E52C-6394-4BFC-9F33-B9E7A6AB360E}.Debug|x64.Deploy.0 = Debug|Any CPU
		{2709E52C-6394-4BFC-9F33-B9E7A6AB360E}.Debug|x86.ActiveCfg = Debug|Any CPU
		{2709E52C-6394-4BFC-9F33-B9E7A6AB360E}.Debug|x86.Build.0 = Debug|Any CPU
		{2709E52C-6394-4BFC-9F33-B9E7A6AB360E}.Debug|x86.Deploy.0 = Debug|Any CPU
		{2709E52C-6394-4BFC-9F33-B9E7A6AB360E}.Release|Any CPU.ActiveCfg = Release|Any CPU
		{2709E52C-6394-4BFC-9F33-B9E7A6AB360E}.Release|Any CPU.Build.0 = Release|Any CPU
		{2709E52C-6394-4BFC-9F33-B9E7A6AB360E}.Release|Any CPU.Deploy.0 = Release|Any CPU
		{2709E52C-6394-4BFC-9F33-B9E7A6AB360E}.Release|ARM.ActiveCfg = Release|Any CPU
		{2709E52C-6394-4BFC-9F33-B9E7A6AB360E}.Release|ARM.Build.0 = Release|Any CPU
		{2709E52C-6394-4BFC-9F33-B9E7A6AB360E}.Release|ARM.Deploy.0 = Release|Any CPU
		{2709E52C-6394-4BFC-9F33-B9E7A6AB360E}.Release|iPhone.ActiveCfg = Release|Any CPU
		{2709E52C-6394-4BFC-9F33-B9E7A6AB360E}.Release|iPhone.Build.0 = Release|Any CPU
		{2709E52C-6394-4BFC-9F33-B9E7A6AB360E}.Release|iPhone.Deploy.0 = Release|Any CPU
		{2709E52C-6394-4BFC-9F33-B9E7A6AB360E}.Release|iPhoneSimulator.ActiveCfg = Release|Any CPU
		{2709E52C-6394-4BFC-9F33-B9E7A6AB360E}.Release|iPhoneSimulator.Build.0 = Release|Any CPU
		{2709E52C-6394-4BFC-9F33-B9E7A6AB360E}.Release|iPhoneSimulator.Deploy.0 = Release|Any CPU
		{2709E52C-6394-4BFC-9F33-B9E7A6AB360E}.Release|x64.ActiveCfg = Release|Any CPU
		{2709E52C-6394-4BFC-9F33-B9E7A6AB360E}.Release|x64.Build.0 = Release|Any CPU
		{2709E52C-6394-4BFC-9F33-B9E7A6AB360E}.Release|x64.Deploy.0 = Release|Any CPU
		{2709E52C-6394-4BFC-9F33-B9E7A6AB360E}.Release|x86.ActiveCfg = Release|Any CPU
		{2709E52C-6394-4BFC-9F33-B9E7A6AB360E}.Release|x86.Build.0 = Release|Any CPU
		{2709E52C-6394-4BFC-9F33-B9E7A6AB360E}.Release|x86.Deploy.0 = Release|Any CPU
		{CF97ED64-17BA-4560-AAD2-E1737E0A9896}.Ad-Hoc|Any CPU.ActiveCfg = Debug|Any CPU
		{CF97ED64-17BA-4560-AAD2-E1737E0A9896}.Ad-Hoc|Any CPU.Build.0 = Debug|Any CPU
		{CF97ED64-17BA-4560-AAD2-E1737E0A9896}.Ad-Hoc|ARM.ActiveCfg = Debug|Any CPU
		{CF97ED64-17BA-4560-AAD2-E1737E0A9896}.Ad-Hoc|ARM.Build.0 = Debug|Any CPU
		{CF97ED64-17BA-4560-AAD2-E1737E0A9896}.Ad-Hoc|iPhone.ActiveCfg = Debug|Any CPU
		{CF97ED64-17BA-4560-AAD2-E1737E0A9896}.Ad-Hoc|iPhone.Build.0 = Debug|Any CPU
		{CF97ED64-17BA-4560-AAD2-E1737E0A9896}.Ad-Hoc|iPhoneSimulator.ActiveCfg = Debug|Any CPU
		{CF97ED64-17BA-4560-AAD2-E1737E0A9896}.Ad-Hoc|iPhoneSimulator.Build.0 = Debug|Any CPU
		{CF97ED64-17BA-4560-AAD2-E1737E0A9896}.Ad-Hoc|x64.ActiveCfg = Debug|Any CPU
		{CF97ED64-17BA-4560-AAD2-E1737E0A9896}.Ad-Hoc|x64.Build.0 = Debug|Any CPU
		{CF97ED64-17BA-4560-AAD2-E1737E0A9896}.Ad-Hoc|x86.ActiveCfg = Debug|Any CPU
		{CF97ED64-17BA-4560-AAD2-E1737E0A9896}.Ad-Hoc|x86.Build.0 = Debug|Any CPU
		{CF97ED64-17BA-4560-AAD2-E1737E0A9896}.AppStore|Any CPU.ActiveCfg = Debug|Any CPU
		{CF97ED64-17BA-4560-AAD2-E1737E0A9896}.AppStore|Any CPU.Build.0 = Debug|Any CPU
		{CF97ED64-17BA-4560-AAD2-E1737E0A9896}.AppStore|ARM.ActiveCfg = Debug|Any CPU
		{CF97ED64-17BA-4560-AAD2-E1737E0A9896}.AppStore|ARM.Build.0 = Debug|Any CPU
		{CF97ED64-17BA-4560-AAD2-E1737E0A9896}.AppStore|iPhone.ActiveCfg = Debug|Any CPU
		{CF97ED64-17BA-4560-AAD2-E1737E0A9896}.AppStore|iPhone.Build.0 = Debug|Any CPU
		{CF97ED64-17BA-4560-AAD2-E1737E0A9896}.AppStore|iPhoneSimulator.ActiveCfg = Debug|Any CPU
		{CF97ED64-17BA-4560-AAD2-E1737E0A9896}.AppStore|iPhoneSimulator.Build.0 = Debug|Any CPU
		{CF97ED64-17BA-4560-AAD2-E1737E0A9896}.AppStore|x64.ActiveCfg = Debug|Any CPU
		{CF97ED64-17BA-4560-AAD2-E1737E0A9896}.AppStore|x64.Build.0 = Debug|Any CPU
		{CF97ED64-17BA-4560-AAD2-E1737E0A9896}.AppStore|x86.ActiveCfg = Debug|Any CPU
		{CF97ED64-17BA-4560-AAD2-E1737E0A9896}.AppStore|x86.Build.0 = Debug|Any CPU
		{CF97ED64-17BA-4560-AAD2-E1737E0A9896}.Debug|Any CPU.ActiveCfg = Debug|Any CPU
		{CF97ED64-17BA-4560-AAD2-E1737E0A9896}.Debug|Any CPU.Build.0 = Debug|Any CPU
		{CF97ED64-17BA-4560-AAD2-E1737E0A9896}.Debug|ARM.ActiveCfg = Debug|Any CPU
		{CF97ED64-17BA-4560-AAD2-E1737E0A9896}.Debug|ARM.Build.0 = Debug|Any CPU
		{CF97ED64-17BA-4560-AAD2-E1737E0A9896}.Debug|iPhone.ActiveCfg = Debug|Any CPU
		{CF97ED64-17BA-4560-AAD2-E1737E0A9896}.Debug|iPhone.Build.0 = Debug|Any CPU
		{CF97ED64-17BA-4560-AAD2-E1737E0A9896}.Debug|iPhoneSimulator.ActiveCfg = Debug|Any CPU
		{CF97ED64-17BA-4560-AAD2-E1737E0A9896}.Debug|iPhoneSimulator.Build.0 = Debug|Any CPU
		{CF97ED64-17BA-4560-AAD2-E1737E0A9896}.Debug|x64.ActiveCfg = Debug|Any CPU
		{CF97ED64-17BA-4560-AAD2-E1737E0A9896}.Debug|x64.Build.0 = Debug|Any CPU
		{CF97ED64-17BA-4560-AAD2-E1737E0A9896}.Debug|x86.ActiveCfg = Debug|Any CPU
		{CF97ED64-17BA-4560-AAD2-E1737E0A9896}.Debug|x86.Build.0 = Debug|Any CPU
		{CF97ED64-17BA-4560-AAD2-E1737E0A9896}.Release|Any CPU.ActiveCfg = Release|Any CPU
		{CF97ED64-17BA-4560-AAD2-E1737E0A9896}.Release|Any CPU.Build.0 = Release|Any CPU
		{CF97ED64-17BA-4560-AAD2-E1737E0A9896}.Release|ARM.ActiveCfg = Release|Any CPU
		{CF97ED64-17BA-4560-AAD2-E1737E0A9896}.Release|ARM.Build.0 = Release|Any CPU
		{CF97ED64-17BA-4560-AAD2-E1737E0A9896}.Release|iPhone.ActiveCfg = Release|Any CPU
		{CF97ED64-17BA-4560-AAD2-E1737E0A9896}.Release|iPhone.Build.0 = Release|Any CPU
		{CF97ED64-17BA-4560-AAD2-E1737E0A9896}.Release|iPhoneSimulator.ActiveCfg = Release|Any CPU
		{CF97ED64-17BA-4560-AAD2-E1737E0A9896}.Release|iPhoneSimulator.Build.0 = Release|Any CPU
		{CF97ED64-17BA-4560-AAD2-E1737E0A9896}.Release|x64.ActiveCfg = Release|Any CPU
		{CF97ED64-17BA-4560-AAD2-E1737E0A9896}.Release|x64.Build.0 = Release|Any CPU
		{CF97ED64-17BA-4560-AAD2-E1737E0A9896}.Release|x86.ActiveCfg = Release|Any CPU
		{CF97ED64-17BA-4560-AAD2-E1737E0A9896}.Release|x86.Build.0 = Release|Any CPU
		{A3420D9F-ECA4-4D7A-8495-72D4D28FF274}.Ad-Hoc|Any CPU.ActiveCfg = Release|Any CPU
		{A3420D9F-ECA4-4D7A-8495-72D4D28FF274}.Ad-Hoc|Any CPU.Build.0 = Release|Any CPU
		{A3420D9F-ECA4-4D7A-8495-72D4D28FF274}.Ad-Hoc|ARM.ActiveCfg = Release|Any CPU
		{A3420D9F-ECA4-4D7A-8495-72D4D28FF274}.Ad-Hoc|ARM.Build.0 = Release|Any CPU
		{A3420D9F-ECA4-4D7A-8495-72D4D28FF274}.Ad-Hoc|iPhone.ActiveCfg = Release|Any CPU
		{A3420D9F-ECA4-4D7A-8495-72D4D28FF274}.Ad-Hoc|iPhone.Build.0 = Release|Any CPU
		{A3420D9F-ECA4-4D7A-8495-72D4D28FF274}.Ad-Hoc|iPhoneSimulator.ActiveCfg = Release|Any CPU
		{A3420D9F-ECA4-4D7A-8495-72D4D28FF274}.Ad-Hoc|iPhoneSimulator.Build.0 = Release|Any CPU
		{A3420D9F-ECA4-4D7A-8495-72D4D28FF274}.Ad-Hoc|x64.ActiveCfg = Release|Any CPU
		{A3420D9F-ECA4-4D7A-8495-72D4D28FF274}.Ad-Hoc|x64.Build.0 = Release|Any CPU
		{A3420D9F-ECA4-4D7A-8495-72D4D28FF274}.Ad-Hoc|x86.ActiveCfg = Release|Any CPU
		{A3420D9F-ECA4-4D7A-8495-72D4D28FF274}.Ad-Hoc|x86.Build.0 = Release|Any CPU
		{A3420D9F-ECA4-4D7A-8495-72D4D28FF274}.AppStore|Any CPU.ActiveCfg = Release|Any CPU
		{A3420D9F-ECA4-4D7A-8495-72D4D28FF274}.AppStore|Any CPU.Build.0 = Release|Any CPU
		{A3420D9F-ECA4-4D7A-8495-72D4D28FF274}.AppStore|ARM.ActiveCfg = Release|Any CPU
		{A3420D9F-ECA4-4D7A-8495-72D4D28FF274}.AppStore|ARM.Build.0 = Release|Any CPU
		{A3420D9F-ECA4-4D7A-8495-72D4D28FF274}.AppStore|iPhone.ActiveCfg = Release|Any CPU
		{A3420D9F-ECA4-4D7A-8495-72D4D28FF274}.AppStore|iPhone.Build.0 = Release|Any CPU
		{A3420D9F-ECA4-4D7A-8495-72D4D28FF274}.AppStore|iPhoneSimulator.ActiveCfg = Release|Any CPU
		{A3420D9F-ECA4-4D7A-8495-72D4D28FF274}.AppStore|iPhoneSimulator.Build.0 = Release|Any CPU
		{A3420D9F-ECA4-4D7A-8495-72D4D28FF274}.AppStore|x64.ActiveCfg = Release|Any CPU
		{A3420D9F-ECA4-4D7A-8495-72D4D28FF274}.AppStore|x64.Build.0 = Release|Any CPU
		{A3420D9F-ECA4-4D7A-8495-72D4D28FF274}.AppStore|x86.ActiveCfg = Release|Any CPU
		{A3420D9F-ECA4-4D7A-8495-72D4D28FF274}.AppStore|x86.Build.0 = Release|Any CPU
		{A3420D9F-ECA4-4D7A-8495-72D4D28FF274}.Debug|Any CPU.ActiveCfg = Debug|Any CPU
		{A3420D9F-ECA4-4D7A-8495-72D4D28FF274}.Debug|Any CPU.Build.0 = Debug|Any CPU
		{A3420D9F-ECA4-4D7A-8495-72D4D28FF274}.Debug|ARM.ActiveCfg = Debug|Any CPU
		{A3420D9F-ECA4-4D7A-8495-72D4D28FF274}.Debug|ARM.Build.0 = Debug|Any CPU
		{A3420D9F-ECA4-4D7A-8495-72D4D28FF274}.Debug|iPhone.ActiveCfg = Debug|Any CPU
		{A3420D9F-ECA4-4D7A-8495-72D4D28FF274}.Debug|iPhone.Build.0 = Debug|Any CPU
		{A3420D9F-ECA4-4D7A-8495-72D4D28FF274}.Debug|iPhoneSimulator.ActiveCfg = Debug|Any CPU
		{A3420D9F-ECA4-4D7A-8495-72D4D28FF274}.Debug|iPhoneSimulator.Build.0 = Debug|Any CPU
		{A3420D9F-ECA4-4D7A-8495-72D4D28FF274}.Debug|x64.ActiveCfg = Debug|Any CPU
		{A3420D9F-ECA4-4D7A-8495-72D4D28FF274}.Debug|x64.Build.0 = Debug|Any CPU
		{A3420D9F-ECA4-4D7A-8495-72D4D28FF274}.Debug|x86.ActiveCfg = Debug|Any CPU
		{A3420D9F-ECA4-4D7A-8495-72D4D28FF274}.Debug|x86.Build.0 = Debug|Any CPU
		{A3420D9F-ECA4-4D7A-8495-72D4D28FF274}.Release|Any CPU.ActiveCfg = Release|Any CPU
		{A3420D9F-ECA4-4D7A-8495-72D4D28FF274}.Release|Any CPU.Build.0 = Release|Any CPU
		{A3420D9F-ECA4-4D7A-8495-72D4D28FF274}.Release|ARM.ActiveCfg = Release|Any CPU
		{A3420D9F-ECA4-4D7A-8495-72D4D28FF274}.Release|ARM.Build.0 = Release|Any CPU
		{A3420D9F-ECA4-4D7A-8495-72D4D28FF274}.Release|iPhone.ActiveCfg = Release|Any CPU
		{A3420D9F-ECA4-4D7A-8495-72D4D28FF274}.Release|iPhone.Build.0 = Release|Any CPU
		{A3420D9F-ECA4-4D7A-8495-72D4D28FF274}.Release|iPhoneSimulator.ActiveCfg = Release|Any CPU
		{A3420D9F-ECA4-4D7A-8495-72D4D28FF274}.Release|iPhoneSimulator.Build.0 = Release|Any CPU
		{A3420D9F-ECA4-4D7A-8495-72D4D28FF274}.Release|x64.ActiveCfg = Release|Any CPU
		{A3420D9F-ECA4-4D7A-8495-72D4D28FF274}.Release|x64.Build.0 = Release|Any CPU
		{A3420D9F-ECA4-4D7A-8495-72D4D28FF274}.Release|x86.ActiveCfg = Release|Any CPU
		{A3420D9F-ECA4-4D7A-8495-72D4D28FF274}.Release|x86.Build.0 = Release|Any CPU
		{87E599CE-D717-4A74-B565-8A2E9E8F7316}.Ad-Hoc|Any CPU.ActiveCfg = Release|Any CPU
		{87E599CE-D717-4A74-B565-8A2E9E8F7316}.Ad-Hoc|Any CPU.Build.0 = Release|Any CPU
		{87E599CE-D717-4A74-B565-8A2E9E8F7316}.Ad-Hoc|Any CPU.Deploy.0 = Release|Any CPU
		{87E599CE-D717-4A74-B565-8A2E9E8F7316}.Ad-Hoc|ARM.ActiveCfg = Release|Any CPU
		{87E599CE-D717-4A74-B565-8A2E9E8F7316}.Ad-Hoc|ARM.Build.0 = Release|Any CPU
		{87E599CE-D717-4A74-B565-8A2E9E8F7316}.Ad-Hoc|ARM.Deploy.0 = Release|Any CPU
		{87E599CE-D717-4A74-B565-8A2E9E8F7316}.Ad-Hoc|iPhone.ActiveCfg = Release|Any CPU
		{87E599CE-D717-4A74-B565-8A2E9E8F7316}.Ad-Hoc|iPhone.Build.0 = Release|Any CPU
		{87E599CE-D717-4A74-B565-8A2E9E8F7316}.Ad-Hoc|iPhone.Deploy.0 = Release|Any CPU
		{87E599CE-D717-4A74-B565-8A2E9E8F7316}.Ad-Hoc|iPhoneSimulator.ActiveCfg = Release|Any CPU
		{87E599CE-D717-4A74-B565-8A2E9E8F7316}.Ad-Hoc|iPhoneSimulator.Build.0 = Release|Any CPU
		{87E599CE-D717-4A74-B565-8A2E9E8F7316}.Ad-Hoc|iPhoneSimulator.Deploy.0 = Release|Any CPU
		{87E599CE-D717-4A74-B565-8A2E9E8F7316}.Ad-Hoc|x64.ActiveCfg = Release|Any CPU
		{87E599CE-D717-4A74-B565-8A2E9E8F7316}.Ad-Hoc|x64.Build.0 = Release|Any CPU
		{87E599CE-D717-4A74-B565-8A2E9E8F7316}.Ad-Hoc|x64.Deploy.0 = Release|Any CPU
		{87E599CE-D717-4A74-B565-8A2E9E8F7316}.Ad-Hoc|x86.ActiveCfg = Release|Any CPU
		{87E599CE-D717-4A74-B565-8A2E9E8F7316}.Ad-Hoc|x86.Build.0 = Release|Any CPU
		{87E599CE-D717-4A74-B565-8A2E9E8F7316}.Ad-Hoc|x86.Deploy.0 = Release|Any CPU
		{87E599CE-D717-4A74-B565-8A2E9E8F7316}.AppStore|Any CPU.ActiveCfg = Release|Any CPU
		{87E599CE-D717-4A74-B565-8A2E9E8F7316}.AppStore|Any CPU.Build.0 = Release|Any CPU
		{87E599CE-D717-4A74-B565-8A2E9E8F7316}.AppStore|Any CPU.Deploy.0 = Release|Any CPU
		{87E599CE-D717-4A74-B565-8A2E9E8F7316}.AppStore|ARM.ActiveCfg = Release|Any CPU
		{87E599CE-D717-4A74-B565-8A2E9E8F7316}.AppStore|ARM.Build.0 = Release|Any CPU
		{87E599CE-D717-4A74-B565-8A2E9E8F7316}.AppStore|ARM.Deploy.0 = Release|Any CPU
		{87E599CE-D717-4A74-B565-8A2E9E8F7316}.AppStore|iPhone.ActiveCfg = Release|Any CPU
		{87E599CE-D717-4A74-B565-8A2E9E8F7316}.AppStore|iPhone.Build.0 = Release|Any CPU
		{87E599CE-D717-4A74-B565-8A2E9E8F7316}.AppStore|iPhone.Deploy.0 = Release|Any CPU
		{87E599CE-D717-4A74-B565-8A2E9E8F7316}.AppStore|iPhoneSimulator.ActiveCfg = Release|Any CPU
		{87E599CE-D717-4A74-B565-8A2E9E8F7316}.AppStore|iPhoneSimulator.Build.0 = Release|Any CPU
		{87E599CE-D717-4A74-B565-8A2E9E8F7316}.AppStore|iPhoneSimulator.Deploy.0 = Release|Any CPU
		{87E599CE-D717-4A74-B565-8A2E9E8F7316}.AppStore|x64.ActiveCfg = Release|Any CPU
		{87E599CE-D717-4A74-B565-8A2E9E8F7316}.AppStore|x64.Build.0 = Release|Any CPU
		{87E599CE-D717-4A74-B565-8A2E9E8F7316}.AppStore|x64.Deploy.0 = Release|Any CPU
		{87E599CE-D717-4A74-B565-8A2E9E8F7316}.AppStore|x86.ActiveCfg = Release|Any CPU
		{87E599CE-D717-4A74-B565-8A2E9E8F7316}.AppStore|x86.Build.0 = Release|Any CPU
		{87E599CE-D717-4A74-B565-8A2E9E8F7316}.AppStore|x86.Deploy.0 = Release|Any CPU
		{87E599CE-D717-4A74-B565-8A2E9E8F7316}.Debug|Any CPU.ActiveCfg = Debug|Any CPU
		{87E599CE-D717-4A74-B565-8A2E9E8F7316}.Debug|Any CPU.Build.0 = Debug|Any CPU
		{87E599CE-D717-4A74-B565-8A2E9E8F7316}.Debug|Any CPU.Deploy.0 = Debug|Any CPU
		{87E599CE-D717-4A74-B565-8A2E9E8F7316}.Debug|ARM.ActiveCfg = Debug|Any CPU
		{87E599CE-D717-4A74-B565-8A2E9E8F7316}.Debug|ARM.Build.0 = Debug|Any CPU
		{87E599CE-D717-4A74-B565-8A2E9E8F7316}.Debug|ARM.Deploy.0 = Debug|Any CPU
		{87E599CE-D717-4A74-B565-8A2E9E8F7316}.Debug|iPhone.ActiveCfg = Debug|Any CPU
		{87E599CE-D717-4A74-B565-8A2E9E8F7316}.Debug|iPhone.Build.0 = Debug|Any CPU
		{87E599CE-D717-4A74-B565-8A2E9E8F7316}.Debug|iPhone.Deploy.0 = Debug|Any CPU
		{87E599CE-D717-4A74-B565-8A2E9E8F7316}.Debug|iPhoneSimulator.ActiveCfg = Debug|Any CPU
		{87E599CE-D717-4A74-B565-8A2E9E8F7316}.Debug|iPhoneSimulator.Build.0 = Debug|Any CPU
		{87E599CE-D717-4A74-B565-8A2E9E8F7316}.Debug|iPhoneSimulator.Deploy.0 = Debug|Any CPU
		{87E599CE-D717-4A74-B565-8A2E9E8F7316}.Debug|x64.ActiveCfg = Debug|Any CPU
		{87E599CE-D717-4A74-B565-8A2E9E8F7316}.Debug|x64.Build.0 = Debug|Any CPU
		{87E599CE-D717-4A74-B565-8A2E9E8F7316}.Debug|x64.Deploy.0 = Debug|Any CPU
		{87E599CE-D717-4A74-B565-8A2E9E8F7316}.Debug|x86.ActiveCfg = Debug|Any CPU
		{87E599CE-D717-4A74-B565-8A2E9E8F7316}.Debug|x86.Build.0 = Debug|Any CPU
		{87E599CE-D717-4A74-B565-8A2E9E8F7316}.Debug|x86.Deploy.0 = Debug|Any CPU
		{87E599CE-D717-4A74-B565-8A2E9E8F7316}.Release|Any CPU.ActiveCfg = Release|Any CPU
		{87E599CE-D717-4A74-B565-8A2E9E8F7316}.Release|Any CPU.Build.0 = Release|Any CPU
		{87E599CE-D717-4A74-B565-8A2E9E8F7316}.Release|Any CPU.Deploy.0 = Release|Any CPU
		{87E599CE-D717-4A74-B565-8A2E9E8F7316}.Release|ARM.ActiveCfg = Release|Any CPU
		{87E599CE-D717-4A74-B565-8A2E9E8F7316}.Release|ARM.Build.0 = Release|Any CPU
		{87E599CE-D717-4A74-B565-8A2E9E8F7316}.Release|ARM.Deploy.0 = Release|Any CPU
		{87E599CE-D717-4A74-B565-8A2E9E8F7316}.Release|iPhone.ActiveCfg = Release|Any CPU
		{87E599CE-D717-4A74-B565-8A2E9E8F7316}.Release|iPhone.Build.0 = Release|Any CPU
		{87E599CE-D717-4A74-B565-8A2E9E8F7316}.Release|iPhone.Deploy.0 = Release|Any CPU
		{87E599CE-D717-4A74-B565-8A2E9E8F7316}.Release|iPhoneSimulator.ActiveCfg = Release|Any CPU
		{87E599CE-D717-4A74-B565-8A2E9E8F7316}.Release|iPhoneSimulator.Build.0 = Release|Any CPU
		{87E599CE-D717-4A74-B565-8A2E9E8F7316}.Release|iPhoneSimulator.Deploy.0 = Release|Any CPU
		{87E599CE-D717-4A74-B565-8A2E9E8F7316}.Release|x64.ActiveCfg = Release|Any CPU
		{87E599CE-D717-4A74-B565-8A2E9E8F7316}.Release|x64.Build.0 = Release|Any CPU
		{87E599CE-D717-4A74-B565-8A2E9E8F7316}.Release|x64.Deploy.0 = Release|Any CPU
		{87E599CE-D717-4A74-B565-8A2E9E8F7316}.Release|x86.ActiveCfg = Release|Any CPU
		{87E599CE-D717-4A74-B565-8A2E9E8F7316}.Release|x86.Build.0 = Release|Any CPU
		{87E599CE-D717-4A74-B565-8A2E9E8F7316}.Release|x86.Deploy.0 = Release|Any CPU
		{951285FD-1C38-4546-BDCC-778B13262663}.Ad-Hoc|Any CPU.ActiveCfg = Ad-Hoc|iPhone
		{951285FD-1C38-4546-BDCC-778B13262663}.Ad-Hoc|ARM.ActiveCfg = Ad-Hoc|iPhone
		{951285FD-1C38-4546-BDCC-778B13262663}.Ad-Hoc|iPhone.ActiveCfg = Ad-Hoc|iPhone
		{951285FD-1C38-4546-BDCC-778B13262663}.Ad-Hoc|iPhone.Build.0 = Ad-Hoc|iPhone
		{951285FD-1C38-4546-BDCC-778B13262663}.Ad-Hoc|iPhoneSimulator.ActiveCfg = Ad-Hoc|iPhoneSimulator
		{951285FD-1C38-4546-BDCC-778B13262663}.Ad-Hoc|iPhoneSimulator.Build.0 = Ad-Hoc|iPhoneSimulator
		{951285FD-1C38-4546-BDCC-778B13262663}.Ad-Hoc|x64.ActiveCfg = Ad-Hoc|iPhone
		{951285FD-1C38-4546-BDCC-778B13262663}.Ad-Hoc|x86.ActiveCfg = Ad-Hoc|iPhone
		{951285FD-1C38-4546-BDCC-778B13262663}.AppStore|Any CPU.ActiveCfg = AppStore|iPhone
		{951285FD-1C38-4546-BDCC-778B13262663}.AppStore|ARM.ActiveCfg = AppStore|iPhone
		{951285FD-1C38-4546-BDCC-778B13262663}.AppStore|iPhone.ActiveCfg = AppStore|iPhone
		{951285FD-1C38-4546-BDCC-778B13262663}.AppStore|iPhone.Build.0 = AppStore|iPhone
		{951285FD-1C38-4546-BDCC-778B13262663}.AppStore|iPhoneSimulator.ActiveCfg = AppStore|iPhoneSimulator
		{951285FD-1C38-4546-BDCC-778B13262663}.AppStore|iPhoneSimulator.Build.0 = AppStore|iPhoneSimulator
		{951285FD-1C38-4546-BDCC-778B13262663}.AppStore|x64.ActiveCfg = AppStore|iPhone
		{951285FD-1C38-4546-BDCC-778B13262663}.AppStore|x86.ActiveCfg = AppStore|iPhone
		{951285FD-1C38-4546-BDCC-778B13262663}.Debug|Any CPU.ActiveCfg = Debug|iPhone
		{951285FD-1C38-4546-BDCC-778B13262663}.Debug|ARM.ActiveCfg = Debug|iPhone
		{951285FD-1C38-4546-BDCC-778B13262663}.Debug|iPhone.ActiveCfg = Debug|iPhone
		{951285FD-1C38-4546-BDCC-778B13262663}.Debug|iPhone.Build.0 = Debug|iPhone
		{951285FD-1C38-4546-BDCC-778B13262663}.Debug|iPhoneSimulator.ActiveCfg = Debug|iPhoneSimulator
		{951285FD-1C38-4546-BDCC-778B13262663}.Debug|iPhoneSimulator.Build.0 = Debug|iPhoneSimulator
		{951285FD-1C38-4546-BDCC-778B13262663}.Debug|x64.ActiveCfg = Debug|iPhone
		{951285FD-1C38-4546-BDCC-778B13262663}.Debug|x86.ActiveCfg = Debug|iPhone
		{951285FD-1C38-4546-BDCC-778B13262663}.Release|Any CPU.ActiveCfg = Release|iPhone
		{951285FD-1C38-4546-BDCC-778B13262663}.Release|ARM.ActiveCfg = Release|iPhone
		{951285FD-1C38-4546-BDCC-778B13262663}.Release|iPhone.ActiveCfg = Release|iPhone
		{951285FD-1C38-4546-BDCC-778B13262663}.Release|iPhone.Build.0 = Release|iPhone
		{951285FD-1C38-4546-BDCC-778B13262663}.Release|iPhoneSimulator.ActiveCfg = Release|iPhoneSimulator
		{951285FD-1C38-4546-BDCC-778B13262663}.Release|iPhoneSimulator.Build.0 = Release|iPhoneSimulator
		{951285FD-1C38-4546-BDCC-778B13262663}.Release|x64.ActiveCfg = Release|iPhone
		{951285FD-1C38-4546-BDCC-778B13262663}.Release|x86.ActiveCfg = Release|iPhone
		{683F9265-64E6-44BE-B8FA-851EC8F8199E}.Ad-Hoc|Any CPU.ActiveCfg = Release|Any CPU
		{683F9265-64E6-44BE-B8FA-851EC8F8199E}.Ad-Hoc|Any CPU.Build.0 = Release|Any CPU
		{683F9265-64E6-44BE-B8FA-851EC8F8199E}.Ad-Hoc|ARM.ActiveCfg = Release|Any CPU
		{683F9265-64E6-44BE-B8FA-851EC8F8199E}.Ad-Hoc|ARM.Build.0 = Release|Any CPU
		{683F9265-64E6-44BE-B8FA-851EC8F8199E}.Ad-Hoc|iPhone.ActiveCfg = Release|Any CPU
		{683F9265-64E6-44BE-B8FA-851EC8F8199E}.Ad-Hoc|iPhone.Build.0 = Release|Any CPU
		{683F9265-64E6-44BE-B8FA-851EC8F8199E}.Ad-Hoc|iPhoneSimulator.ActiveCfg = Release|Any CPU
		{683F9265-64E6-44BE-B8FA-851EC8F8199E}.Ad-Hoc|iPhoneSimulator.Build.0 = Release|Any CPU
		{683F9265-64E6-44BE-B8FA-851EC8F8199E}.Ad-Hoc|x64.ActiveCfg = Release|Any CPU
		{683F9265-64E6-44BE-B8FA-851EC8F8199E}.Ad-Hoc|x64.Build.0 = Release|Any CPU
		{683F9265-64E6-44BE-B8FA-851EC8F8199E}.Ad-Hoc|x86.ActiveCfg = Release|Any CPU
		{683F9265-64E6-44BE-B8FA-851EC8F8199E}.Ad-Hoc|x86.Build.0 = Release|Any CPU
		{683F9265-64E6-44BE-B8FA-851EC8F8199E}.AppStore|Any CPU.ActiveCfg = Release|Any CPU
		{683F9265-64E6-44BE-B8FA-851EC8F8199E}.AppStore|Any CPU.Build.0 = Release|Any CPU
		{683F9265-64E6-44BE-B8FA-851EC8F8199E}.AppStore|ARM.ActiveCfg = Release|Any CPU
		{683F9265-64E6-44BE-B8FA-851EC8F8199E}.AppStore|ARM.Build.0 = Release|Any CPU
		{683F9265-64E6-44BE-B8FA-851EC8F8199E}.AppStore|iPhone.ActiveCfg = Release|Any CPU
		{683F9265-64E6-44BE-B8FA-851EC8F8199E}.AppStore|iPhone.Build.0 = Release|Any CPU
		{683F9265-64E6-44BE-B8FA-851EC8F8199E}.AppStore|iPhoneSimulator.ActiveCfg = Release|Any CPU
		{683F9265-64E6-44BE-B8FA-851EC8F8199E}.AppStore|iPhoneSimulator.Build.0 = Release|Any CPU
		{683F9265-64E6-44BE-B8FA-851EC8F8199E}.AppStore|x64.ActiveCfg = Release|Any CPU
		{683F9265-64E6-44BE-B8FA-851EC8F8199E}.AppStore|x64.Build.0 = Release|Any CPU
		{683F9265-64E6-44BE-B8FA-851EC8F8199E}.AppStore|x86.ActiveCfg = Release|Any CPU
		{683F9265-64E6-44BE-B8FA-851EC8F8199E}.AppStore|x86.Build.0 = Release|Any CPU
		{683F9265-64E6-44BE-B8FA-851EC8F8199E}.Debug|Any CPU.ActiveCfg = Debug|Any CPU
		{683F9265-64E6-44BE-B8FA-851EC8F8199E}.Debug|Any CPU.Build.0 = Debug|Any CPU
		{683F9265-64E6-44BE-B8FA-851EC8F8199E}.Debug|ARM.ActiveCfg = Debug|Any CPU
		{683F9265-64E6-44BE-B8FA-851EC8F8199E}.Debug|ARM.Build.0 = Debug|Any CPU
		{683F9265-64E6-44BE-B8FA-851EC8F8199E}.Debug|iPhone.ActiveCfg = Debug|Any CPU
		{683F9265-64E6-44BE-B8FA-851EC8F8199E}.Debug|iPhone.Build.0 = Debug|Any CPU
		{683F9265-64E6-44BE-B8FA-851EC8F8199E}.Debug|iPhoneSimulator.ActiveCfg = Debug|Any CPU
		{683F9265-64E6-44BE-B8FA-851EC8F8199E}.Debug|iPhoneSimulator.Build.0 = Debug|Any CPU
		{683F9265-64E6-44BE-B8FA-851EC8F8199E}.Debug|x64.ActiveCfg = Debug|Any CPU
		{683F9265-64E6-44BE-B8FA-851EC8F8199E}.Debug|x64.Build.0 = Debug|Any CPU
		{683F9265-64E6-44BE-B8FA-851EC8F8199E}.Debug|x86.ActiveCfg = Debug|Any CPU
		{683F9265-64E6-44BE-B8FA-851EC8F8199E}.Debug|x86.Build.0 = Debug|Any CPU
		{683F9265-64E6-44BE-B8FA-851EC8F8199E}.Release|Any CPU.ActiveCfg = Release|Any CPU
		{683F9265-64E6-44BE-B8FA-851EC8F8199E}.Release|Any CPU.Build.0 = Release|Any CPU
		{683F9265-64E6-44BE-B8FA-851EC8F8199E}.Release|ARM.ActiveCfg = Release|Any CPU
		{683F9265-64E6-44BE-B8FA-851EC8F8199E}.Release|ARM.Build.0 = Release|Any CPU
		{683F9265-64E6-44BE-B8FA-851EC8F8199E}.Release|iPhone.ActiveCfg = Release|Any CPU
		{683F9265-64E6-44BE-B8FA-851EC8F8199E}.Release|iPhone.Build.0 = Release|Any CPU
		{683F9265-64E6-44BE-B8FA-851EC8F8199E}.Release|iPhoneSimulator.ActiveCfg = Release|Any CPU
		{683F9265-64E6-44BE-B8FA-851EC8F8199E}.Release|iPhoneSimulator.Build.0 = Release|Any CPU
		{683F9265-64E6-44BE-B8FA-851EC8F8199E}.Release|x64.ActiveCfg = Release|Any CPU
		{683F9265-64E6-44BE-B8FA-851EC8F8199E}.Release|x64.Build.0 = Release|Any CPU
		{683F9265-64E6-44BE-B8FA-851EC8F8199E}.Release|x86.ActiveCfg = Release|Any CPU
		{683F9265-64E6-44BE-B8FA-851EC8F8199E}.Release|x86.Build.0 = Release|Any CPU
		{BDFA9449-A744-4274-A6D3-ED67652CE537}.Ad-Hoc|Any CPU.ActiveCfg = Release|Any CPU
		{BDFA9449-A744-4274-A6D3-ED67652CE537}.Ad-Hoc|Any CPU.Build.0 = Release|Any CPU
		{BDFA9449-A744-4274-A6D3-ED67652CE537}.Ad-Hoc|ARM.ActiveCfg = Release|Any CPU
		{BDFA9449-A744-4274-A6D3-ED67652CE537}.Ad-Hoc|ARM.Build.0 = Release|Any CPU
		{BDFA9449-A744-4274-A6D3-ED67652CE537}.Ad-Hoc|iPhone.ActiveCfg = Release|Any CPU
		{BDFA9449-A744-4274-A6D3-ED67652CE537}.Ad-Hoc|iPhone.Build.0 = Release|Any CPU
		{BDFA9449-A744-4274-A6D3-ED67652CE537}.Ad-Hoc|iPhoneSimulator.ActiveCfg = Release|Any CPU
		{BDFA9449-A744-4274-A6D3-ED67652CE537}.Ad-Hoc|iPhoneSimulator.Build.0 = Release|Any CPU
		{BDFA9449-A744-4274-A6D3-ED67652CE537}.Ad-Hoc|x64.ActiveCfg = Release|Any CPU
		{BDFA9449-A744-4274-A6D3-ED67652CE537}.Ad-Hoc|x64.Build.0 = Release|Any CPU
		{BDFA9449-A744-4274-A6D3-ED67652CE537}.Ad-Hoc|x86.ActiveCfg = Release|Any CPU
		{BDFA9449-A744-4274-A6D3-ED67652CE537}.Ad-Hoc|x86.Build.0 = Release|Any CPU
		{BDFA9449-A744-4274-A6D3-ED67652CE537}.AppStore|Any CPU.ActiveCfg = Release|Any CPU
		{BDFA9449-A744-4274-A6D3-ED67652CE537}.AppStore|Any CPU.Build.0 = Release|Any CPU
		{BDFA9449-A744-4274-A6D3-ED67652CE537}.AppStore|ARM.ActiveCfg = Release|Any CPU
		{BDFA9449-A744-4274-A6D3-ED67652CE537}.AppStore|ARM.Build.0 = Release|Any CPU
		{BDFA9449-A744-4274-A6D3-ED67652CE537}.AppStore|iPhone.ActiveCfg = Release|Any CPU
		{BDFA9449-A744-4274-A6D3-ED67652CE537}.AppStore|iPhone.Build.0 = Release|Any CPU
		{BDFA9449-A744-4274-A6D3-ED67652CE537}.AppStore|iPhoneSimulator.ActiveCfg = Release|Any CPU
		{BDFA9449-A744-4274-A6D3-ED67652CE537}.AppStore|iPhoneSimulator.Build.0 = Release|Any CPU
		{BDFA9449-A744-4274-A6D3-ED67652CE537}.AppStore|x64.ActiveCfg = Release|Any CPU
		{BDFA9449-A744-4274-A6D3-ED67652CE537}.AppStore|x64.Build.0 = Release|Any CPU
		{BDFA9449-A744-4274-A6D3-ED67652CE537}.AppStore|x86.ActiveCfg = Release|Any CPU
		{BDFA9449-A744-4274-A6D3-ED67652CE537}.AppStore|x86.Build.0 = Release|Any CPU
		{BDFA9449-A744-4274-A6D3-ED67652CE537}.Debug|Any CPU.ActiveCfg = Debug|Any CPU
		{BDFA9449-A744-4274-A6D3-ED67652CE537}.Debug|Any CPU.Build.0 = Debug|Any CPU
		{BDFA9449-A744-4274-A6D3-ED67652CE537}.Debug|ARM.ActiveCfg = Debug|Any CPU
		{BDFA9449-A744-4274-A6D3-ED67652CE537}.Debug|ARM.Build.0 = Debug|Any CPU
		{BDFA9449-A744-4274-A6D3-ED67652CE537}.Debug|iPhone.ActiveCfg = Debug|Any CPU
		{BDFA9449-A744-4274-A6D3-ED67652CE537}.Debug|iPhone.Build.0 = Debug|Any CPU
		{BDFA9449-A744-4274-A6D3-ED67652CE537}.Debug|iPhoneSimulator.ActiveCfg = Debug|Any CPU
		{BDFA9449-A744-4274-A6D3-ED67652CE537}.Debug|iPhoneSimulator.Build.0 = Debug|Any CPU
		{BDFA9449-A744-4274-A6D3-ED67652CE537}.Debug|x64.ActiveCfg = Debug|Any CPU
		{BDFA9449-A744-4274-A6D3-ED67652CE537}.Debug|x64.Build.0 = Debug|Any CPU
		{BDFA9449-A744-4274-A6D3-ED67652CE537}.Debug|x86.ActiveCfg = Debug|Any CPU
		{BDFA9449-A744-4274-A6D3-ED67652CE537}.Debug|x86.Build.0 = Debug|Any CPU
		{BDFA9449-A744-4274-A6D3-ED67652CE537}.Release|Any CPU.ActiveCfg = Release|Any CPU
		{BDFA9449-A744-4274-A6D3-ED67652CE537}.Release|Any CPU.Build.0 = Release|Any CPU
		{BDFA9449-A744-4274-A6D3-ED67652CE537}.Release|ARM.ActiveCfg = Release|Any CPU
		{BDFA9449-A744-4274-A6D3-ED67652CE537}.Release|ARM.Build.0 = Release|Any CPU
		{BDFA9449-A744-4274-A6D3-ED67652CE537}.Release|iPhone.ActiveCfg = Release|Any CPU
		{BDFA9449-A744-4274-A6D3-ED67652CE537}.Release|iPhone.Build.0 = Release|Any CPU
		{BDFA9449-A744-4274-A6D3-ED67652CE537}.Release|iPhoneSimulator.ActiveCfg = Release|Any CPU
		{BDFA9449-A744-4274-A6D3-ED67652CE537}.Release|iPhoneSimulator.Build.0 = Release|Any CPU
		{BDFA9449-A744-4274-A6D3-ED67652CE537}.Release|x64.ActiveCfg = Release|Any CPU
		{BDFA9449-A744-4274-A6D3-ED67652CE537}.Release|x64.Build.0 = Release|Any CPU
		{BDFA9449-A744-4274-A6D3-ED67652CE537}.Release|x86.ActiveCfg = Release|Any CPU
		{BDFA9449-A744-4274-A6D3-ED67652CE537}.Release|x86.Build.0 = Release|Any CPU
		{600EC694-D96C-457E-8613-6DF222A9B000}.Ad-Hoc|Any CPU.ActiveCfg = Release|Any CPU
		{600EC694-D96C-457E-8613-6DF222A9B000}.Ad-Hoc|Any CPU.Build.0 = Release|Any CPU
		{600EC694-D96C-457E-8613-6DF222A9B000}.Ad-Hoc|ARM.ActiveCfg = Release|Any CPU
		{600EC694-D96C-457E-8613-6DF222A9B000}.Ad-Hoc|ARM.Build.0 = Release|Any CPU
		{600EC694-D96C-457E-8613-6DF222A9B000}.Ad-Hoc|iPhone.ActiveCfg = Release|Any CPU
		{600EC694-D96C-457E-8613-6DF222A9B000}.Ad-Hoc|iPhone.Build.0 = Release|Any CPU
		{600EC694-D96C-457E-8613-6DF222A9B000}.Ad-Hoc|iPhoneSimulator.ActiveCfg = Release|Any CPU
		{600EC694-D96C-457E-8613-6DF222A9B000}.Ad-Hoc|iPhoneSimulator.Build.0 = Release|Any CPU
		{600EC694-D96C-457E-8613-6DF222A9B000}.Ad-Hoc|x64.ActiveCfg = Release|Any CPU
		{600EC694-D96C-457E-8613-6DF222A9B000}.Ad-Hoc|x64.Build.0 = Release|Any CPU
		{600EC694-D96C-457E-8613-6DF222A9B000}.Ad-Hoc|x86.ActiveCfg = Release|Any CPU
		{600EC694-D96C-457E-8613-6DF222A9B000}.Ad-Hoc|x86.Build.0 = Release|Any CPU
		{600EC694-D96C-457E-8613-6DF222A9B000}.AppStore|Any CPU.ActiveCfg = Release|Any CPU
		{600EC694-D96C-457E-8613-6DF222A9B000}.AppStore|Any CPU.Build.0 = Release|Any CPU
		{600EC694-D96C-457E-8613-6DF222A9B000}.AppStore|ARM.ActiveCfg = Release|Any CPU
		{600EC694-D96C-457E-8613-6DF222A9B000}.AppStore|ARM.Build.0 = Release|Any CPU
		{600EC694-D96C-457E-8613-6DF222A9B000}.AppStore|iPhone.ActiveCfg = Release|Any CPU
		{600EC694-D96C-457E-8613-6DF222A9B000}.AppStore|iPhone.Build.0 = Release|Any CPU
		{600EC694-D96C-457E-8613-6DF222A9B000}.AppStore|iPhoneSimulator.ActiveCfg = Release|Any CPU
		{600EC694-D96C-457E-8613-6DF222A9B000}.AppStore|iPhoneSimulator.Build.0 = Release|Any CPU
		{600EC694-D96C-457E-8613-6DF222A9B000}.AppStore|x64.ActiveCfg = Release|Any CPU
		{600EC694-D96C-457E-8613-6DF222A9B000}.AppStore|x64.Build.0 = Release|Any CPU
		{600EC694-D96C-457E-8613-6DF222A9B000}.AppStore|x86.ActiveCfg = Release|Any CPU
		{600EC694-D96C-457E-8613-6DF222A9B000}.AppStore|x86.Build.0 = Release|Any CPU
		{600EC694-D96C-457E-8613-6DF222A9B000}.Debug|Any CPU.ActiveCfg = Debug|Any CPU
		{600EC694-D96C-457E-8613-6DF222A9B000}.Debug|Any CPU.Build.0 = Debug|Any CPU
		{600EC694-D96C-457E-8613-6DF222A9B000}.Debug|ARM.ActiveCfg = Debug|Any CPU
		{600EC694-D96C-457E-8613-6DF222A9B000}.Debug|ARM.Build.0 = Debug|Any CPU
		{600EC694-D96C-457E-8613-6DF222A9B000}.Debug|iPhone.ActiveCfg = Debug|Any CPU
		{600EC694-D96C-457E-8613-6DF222A9B000}.Debug|iPhone.Build.0 = Debug|Any CPU
		{600EC694-D96C-457E-8613-6DF222A9B000}.Debug|iPhoneSimulator.ActiveCfg = Debug|Any CPU
		{600EC694-D96C-457E-8613-6DF222A9B000}.Debug|iPhoneSimulator.Build.0 = Debug|Any CPU
		{600EC694-D96C-457E-8613-6DF222A9B000}.Debug|x64.ActiveCfg = Debug|Any CPU
		{600EC694-D96C-457E-8613-6DF222A9B000}.Debug|x64.Build.0 = Debug|Any CPU
		{600EC694-D96C-457E-8613-6DF222A9B000}.Debug|x86.ActiveCfg = Debug|Any CPU
		{600EC694-D96C-457E-8613-6DF222A9B000}.Debug|x86.Build.0 = Debug|Any CPU
		{600EC694-D96C-457E-8613-6DF222A9B000}.Release|Any CPU.ActiveCfg = Release|Any CPU
		{600EC694-D96C-457E-8613-6DF222A9B000}.Release|Any CPU.Build.0 = Release|Any CPU
		{600EC694-D96C-457E-8613-6DF222A9B000}.Release|ARM.ActiveCfg = Release|Any CPU
		{600EC694-D96C-457E-8613-6DF222A9B000}.Release|ARM.Build.0 = Release|Any CPU
		{600EC694-D96C-457E-8613-6DF222A9B000}.Release|iPhone.ActiveCfg = Release|Any CPU
		{600EC694-D96C-457E-8613-6DF222A9B000}.Release|iPhone.Build.0 = Release|Any CPU
		{600EC694-D96C-457E-8613-6DF222A9B000}.Release|iPhoneSimulator.ActiveCfg = Release|Any CPU
		{600EC694-D96C-457E-8613-6DF222A9B000}.Release|iPhoneSimulator.Build.0 = Release|Any CPU
		{600EC694-D96C-457E-8613-6DF222A9B000}.Release|x64.ActiveCfg = Release|Any CPU
		{600EC694-D96C-457E-8613-6DF222A9B000}.Release|x64.Build.0 = Release|Any CPU
		{600EC694-D96C-457E-8613-6DF222A9B000}.Release|x86.ActiveCfg = Release|Any CPU
		{600EC694-D96C-457E-8613-6DF222A9B000}.Release|x86.Build.0 = Release|Any CPU
	EndGlobalSection
	GlobalSection(SolutionProperties) = preSolution
		HideSolutionNode = FALSE
	EndGlobalSection
	GlobalSection(ExtensibilityGlobals) = postSolution
		SolutionGuid = {E8695B2F-7E01-4FAC-9770-2E6241423FC2}
	EndGlobalSection
EndGlobal
